// !$*UTF8*$!
{
	archiveVersion = 1;
	classes = {
	};
	objectVersion = 77;
	objects = {

/* Begin PBXBuildFile section */
		DF2ED01F2D9FBD1B00EA60C2 /* CryptoCoinTrackerApp.swift in Sources */ = {isa = PBXBuildFile; fileRef = DF2ED0132D9FBD1B00EA60C2 /* CryptoCoinTrackerApp.swift */; };
/* End PBXBuildFile section */

/* Begin PBXContainerItemProxy section */
		DF68944E2DA7AD04006D3DF2 /* PBXContainerItemProxy */ = {
			isa = PBXContainerItemProxy;
			containerPortal = DF2965292D9EAC5400B52AA0 /* Project object */;
			proxyType = 1;
			remoteGlobalIDString = DF2965302D9EAC5400B52AA0;
			remoteInfo = CryptoCoinTracker;
		};
		DF9E6DCF2DA0273700EA0776 /* PBXContainerItemProxy */ = {
			isa = PBXContainerItemProxy;
			containerPortal = DF2965292D9EAC5400B52AA0 /* Project object */;
			proxyType = 1;
			remoteGlobalIDString = DF2965302D9EAC5400B52AA0;
			remoteInfo = CryptoCoinTracker;
		};
/* End PBXContainerItemProxy section */

/* Begin PBXFileReference section */
		DF2965312D9EAC5400B52AA0 /* CryptoCoinTracker.app */ = {isa = PBXFileReference; explicitFileType = wrapper.application; includeInIndex = 0; path = CryptoCoinTracker.app; sourceTree = BUILT_PRODUCTS_DIR; };
		DF2ED0132D9FBD1B00EA60C2 /* CryptoCoinTrackerApp.swift */ = {isa = PBXFileReference; lastKnownFileType = sourcecode.swift; path = CryptoCoinTrackerApp.swift; sourceTree = "<group>"; };
		DF6894482DA7AD04006D3DF2 /* CryptoCoinTrackerUITest.xctest */ = {isa = PBXFileReference; explicitFileType = wrapper.cfbundle; includeInIndex = 0; path = CryptoCoinTrackerUITest.xctest; sourceTree = BUILT_PRODUCTS_DIR; };
		DF9E6DCB2DA0273700EA0776 /* CryptoCoinTrackerTests.xctest */ = {isa = PBXFileReference; explicitFileType = wrapper.cfbundle; includeInIndex = 0; path = CryptoCoinTrackerTests.xctest; sourceTree = BUILT_PRODUCTS_DIR; };
/* End PBXFileReference section */

/* Begin PBXFileSystemSynchronizedBuildFileExceptionSet section */
		DF2965872D9EACFE00B52AA0 /* Exceptions for "CryptoCoinTracker" folder in "CryptoCoinTracker" target */ = {
			isa = PBXFileSystemSynchronizedBuildFileExceptionSet;
			membershipExceptions = (
				Assets.xcassets,
				DataService/CoinDataService.swift,
				DataService/DataServiceMock/DataServiceMock.swift,
				DataService/DataServiceMock/RepositorhMock.swift,
				DataService/DataServiceMock/SessionHelpersMock/KeychainHelperMock.swift,
				DataService/DataServiceMock/SessionHelpersMock/SessionHelperMock.swift,
				DataService/Repositories.swift,
				Model/CoinModel.swift,
				Model/FavoriteCoinModel.swift,
				SessionHelpers/KeychainHelper.swift,
				SessionHelpers/SessionHelper.swift,
				View/ChartSparklineIn7DView.swift,
				View/CoinDetialView.swift,
				View/CoinListView.swift,
				View/ImageDownloadErrorView.swift,
				View/LoginView.swift,
				View/ProfileView.swift,
				View/SheetViewForAddingCoin.swift,
				View/SignUpView.swift,
				ViewModel/CoinDetailViewModel.swift,
				ViewModel/CoinListViewModel.swift,
				ViewModel/LoginViewModel.swift,
				ViewModel/ProfileViewModel.swift,
				ViewModel/SheetViewModelForAddingCoins.swift,
				ViewModel/SignUpViewModel.swift,
			);
			target = DF2965302D9EAC5400B52AA0 /* CryptoCoinTracker */;
		};
/* End PBXFileSystemSynchronizedBuildFileExceptionSet section */

/* Begin PBXFileSystemSynchronizedRootGroup section */
		DF2965832D9EACFE00B52AA0 /* CryptoCoinTracker */ = {
			isa = PBXFileSystemSynchronizedRootGroup;
			exceptions = (
				DF2965872D9EACFE00B52AA0 /* Exceptions for "CryptoCoinTracker" folder in "CryptoCoinTracker" target */,
			);
			path = CryptoCoinTracker;
			sourceTree = "<group>";
		};
		DF6894492DA7AD04006D3DF2 /* CryptoCoinTrackerUITest */ = {
			isa = PBXFileSystemSynchronizedRootGroup;
			path = CryptoCoinTrackerUITest;
			sourceTree = "<group>";
		};
		DF9E6DCC2DA0273700EA0776 /* CryptoCoinTrackerTests */ = {
			isa = PBXFileSystemSynchronizedRootGroup;
			path = CryptoCoinTrackerTests;
			sourceTree = "<group>";
		};
/* End PBXFileSystemSynchronizedRootGroup section */

/* Begin PBXFrameworksBuildPhase section */
		DF29652E2D9EAC5400B52AA0 /* Frameworks */ = {
			isa = PBXFrameworksBuildPhase;
			buildActionMask = 2147483647;
			files = (
			);
			runOnlyForDeploymentPostprocessing = 0;
		};
		DF6894452DA7AD04006D3DF2 /* Frameworks */ = {
			isa = PBXFrameworksBuildPhase;
			buildActionMask = 2147483647;
			files = (
			);
			runOnlyForDeploymentPostprocessing = 0;
		};
		DF9E6DC82DA0273700EA0776 /* Frameworks */ = {
			isa = PBXFrameworksBuildPhase;
			buildActionMask = 2147483647;
			files = (
			);
			runOnlyForDeploymentPostprocessing = 0;
		};
/* End PBXFrameworksBuildPhase section */

/* Begin PBXGroup section */
		DF2965282D9EAC5400B52AA0 = {
			isa = PBXGroup;
			children = (
				DF2ED0132D9FBD1B00EA60C2 /* CryptoCoinTrackerApp.swift */,
				DF2965832D9EACFE00B52AA0 /* CryptoCoinTracker */,
				DF9E6DCC2DA0273700EA0776 /* CryptoCoinTrackerTests */,
				DF6894492DA7AD04006D3DF2 /* CryptoCoinTrackerUITest */,
				DF2965322D9EAC5400B52AA0 /* Products */,
			);
			sourceTree = "<group>";
		};
		DF2965322D9EAC5400B52AA0 /* Products */ = {
			isa = PBXGroup;
			children = (
				DF2965312D9EAC5400B52AA0 /* CryptoCoinTracker.app */,
				DF9E6DCB2DA0273700EA0776 /* CryptoCoinTrackerTests.xctest */,
				DF6894482DA7AD04006D3DF2 /* CryptoCoinTrackerUITest.xctest */,
			);
			name = Products;
			sourceTree = "<group>";
		};
/* End PBXGroup section */

/* Begin PBXNativeTarget section */
		DF2965302D9EAC5400B52AA0 /* CryptoCoinTracker */ = {
			isa = PBXNativeTarget;
			buildConfigurationList = DF2965522D9EAC5600B52AA0 /* Build configuration list for PBXNativeTarget "CryptoCoinTracker" */;
			buildPhases = (
				DF29652D2D9EAC5400B52AA0 /* Sources */,
				DF29652E2D9EAC5400B52AA0 /* Frameworks */,
				DF29652F2D9EAC5400B52AA0 /* Resources */,
			);
			buildRules = (
			);
			dependencies = (
			);
			name = CryptoCoinTracker;
			packageProductDependencies = (
			);
			productName = CryptoCoinTracker;
			productReference = DF2965312D9EAC5400B52AA0 /* CryptoCoinTracker.app */;
			productType = "com.apple.product-type.application";
		};
		DF6894472DA7AD04006D3DF2 /* CryptoCoinTrackerUITest */ = {
			isa = PBXNativeTarget;
			buildConfigurationList = DF6894502DA7AD04006D3DF2 /* Build configuration list for PBXNativeTarget "CryptoCoinTrackerUITest" */;
			buildPhases = (
				DF6894442DA7AD04006D3DF2 /* Sources */,
				DF6894452DA7AD04006D3DF2 /* Frameworks */,
				DF6894462DA7AD04006D3DF2 /* Resources */,
			);
			buildRules = (
			);
			dependencies = (
				DF68944F2DA7AD04006D3DF2 /* PBXTargetDependency */,
			);
			fileSystemSynchronizedGroups = (
				DF6894492DA7AD04006D3DF2 /* CryptoCoinTrackerUITest */,
			);
			name = CryptoCoinTrackerUITest;
			packageProductDependencies = (
			);
			productName = CryptoCoinTrackerUITest;
			productReference = DF6894482DA7AD04006D3DF2 /* CryptoCoinTrackerUITest.xctest */;
			productType = "com.apple.product-type.bundle.ui-testing";
		};
		DF9E6DCA2DA0273700EA0776 /* CryptoCoinTrackerTests */ = {
			isa = PBXNativeTarget;
			buildConfigurationList = DF9E6DD12DA0273700EA0776 /* Build configuration list for PBXNativeTarget "CryptoCoinTrackerTests" */;
			buildPhases = (
				DF9E6DC72DA0273700EA0776 /* Sources */,
				DF9E6DC82DA0273700EA0776 /* Frameworks */,
				DF9E6DC92DA0273700EA0776 /* Resources */,
			);
			buildRules = (
			);
			dependencies = (
				DF9E6DD02DA0273700EA0776 /* PBXTargetDependency */,
			);
			fileSystemSynchronizedGroups = (
				DF9E6DCC2DA0273700EA0776 /* CryptoCoinTrackerTests */,
			);
			name = CryptoCoinTrackerTests;
			packageProductDependencies = (
			);
			productName = CryptoCoinTrackerTests;
			productReference = DF9E6DCB2DA0273700EA0776 /* CryptoCoinTrackerTests.xctest */;
			productType = "com.apple.product-type.bundle.unit-test";
		};
/* End PBXNativeTarget section */

/* Begin PBXProject section */
		DF2965292D9EAC5400B52AA0 /* Project object */ = {
			isa = PBXProject;
			attributes = {
				BuildIndependentTargetsInParallel = 1;
				LastSwiftUpdateCheck = 1610;
				LastUpgradeCheck = 1630;
				TargetAttributes = {
					DF2965302D9EAC5400B52AA0 = {
						CreatedOnToolsVersion = 16.3;
					};
					DF6894472DA7AD04006D3DF2 = {
						CreatedOnToolsVersion = 16.1;
						TestTargetID = DF2965302D9EAC5400B52AA0;
					};
					DF9E6DCA2DA0273700EA0776 = {
						CreatedOnToolsVersion = 16.1;
						TestTargetID = DF2965302D9EAC5400B52AA0;
					};
				};
			};
			buildConfigurationList = DF29652C2D9EAC5400B52AA0 /* Build configuration list for PBXProject "CryptoCoinTracker" */;
			developmentRegion = en;
			hasScannedForEncodings = 0;
			knownRegions = (
				en,
				Base,
			);
			mainGroup = DF2965282D9EAC5400B52AA0;
			minimizedProjectReferenceProxies = 1;
			preferredProjectObjectVersion = 77;
			productRefGroup = DF2965322D9EAC5400B52AA0 /* Products */;
			projectDirPath = "";
			projectRoot = "";
			targets = (
				DF2965302D9EAC5400B52AA0 /* CryptoCoinTracker */,
				DF9E6DCA2DA0273700EA0776 /* CryptoCoinTrackerTests */,
				DF6894472DA7AD04006D3DF2 /* CryptoCoinTrackerUITest */,
			);
		};
/* End PBXProject section */

/* Begin PBXResourcesBuildPhase section */
		DF29652F2D9EAC5400B52AA0 /* Resources */ = {
			isa = PBXResourcesBuildPhase;
			buildActionMask = 2147483647;
			files = (
			);
			runOnlyForDeploymentPostprocessing = 0;
		};
		DF6894462DA7AD04006D3DF2 /* Resources */ = {
			isa = PBXResourcesBuildPhase;
			buildActionMask = 2147483647;
			files = (
			);
			runOnlyForDeploymentPostprocessing = 0;
		};
		DF9E6DC92DA0273700EA0776 /* Resources */ = {
			isa = PBXResourcesBuildPhase;
			buildActionMask = 2147483647;
			files = (
			);
			runOnlyForDeploymentPostprocessing = 0;
		};
/* End PBXResourcesBuildPhase section */

/* Begin PBXSourcesBuildPhase section */
		DF29652D2D9EAC5400B52AA0 /* Sources */ = {
			isa = PBXSourcesBuildPhase;
			buildActionMask = 2147483647;
			files = (
				DF2ED01F2D9FBD1B00EA60C2 /* CryptoCoinTrackerApp.swift in Sources */,
			);
			runOnlyForDeploymentPostprocessing = 0;
		};
		DF6894442DA7AD04006D3DF2 /* Sources */ = {
			isa = PBXSourcesBuildPhase;
			buildActionMask = 2147483647;
			files = (
			);
			runOnlyForDeploymentPostprocessing = 0;
		};
		DF9E6DC72DA0273700EA0776 /* Sources */ = {
			isa = PBXSourcesBuildPhase;
			buildActionMask = 2147483647;
			files = (
			);
			runOnlyForDeploymentPostprocessing = 0;
		};
/* End PBXSourcesBuildPhase section */

/* Begin PBXTargetDependency section */
		DF68944F2DA7AD04006D3DF2 /* PBXTargetDependency */ = {
			isa = PBXTargetDependency;
			target = DF2965302D9EAC5400B52AA0 /* CryptoCoinTracker */;
			targetProxy = DF68944E2DA7AD04006D3DF2 /* PBXContainerItemProxy */;
		};
		DF9E6DD02DA0273700EA0776 /* PBXTargetDependency */ = {
			isa = PBXTargetDependency;
			target = DF2965302D9EAC5400B52AA0 /* CryptoCoinTracker */;
			targetProxy = DF9E6DCF2DA0273700EA0776 /* PBXContainerItemProxy */;
		};
/* End PBXTargetDependency section */

/* Begin XCBuildConfiguration section */
		DF2965502D9EAC5600B52AA0 /* Debug */ = {
			isa = XCBuildConfiguration;
			buildSettings = {
				ALWAYS_SEARCH_USER_PATHS = NO;
				ASSETCATALOG_COMPILER_GENERATE_SWIFT_ASSET_SYMBOL_EXTENSIONS = YES;
				CLANG_ANALYZER_NONNULL = YES;
				CLANG_ANALYZER_NUMBER_OBJECT_CONVERSION = YES_AGGRESSIVE;
				CLANG_CXX_LANGUAGE_STANDARD = "gnu++20";
				CLANG_ENABLE_MODULES = YES;
				CLANG_ENABLE_OBJC_ARC = YES;
				CLANG_ENABLE_OBJC_WEAK = YES;
				CLANG_WARN_BLOCK_CAPTURE_AUTORELEASING = YES;
				CLANG_WARN_BOOL_CONVERSION = YES;
				CLANG_WARN_COMMA = YES;
				CLANG_WARN_CONSTANT_CONVERSION = YES;
				CLANG_WARN_DEPRECATED_OBJC_IMPLEMENTATIONS = YES;
				CLANG_WARN_DIRECT_OBJC_ISA_USAGE = YES_ERROR;
				CLANG_WARN_DOCUMENTATION_COMMENTS = YES;
				CLANG_WARN_EMPTY_BODY = YES;
				CLANG_WARN_ENUM_CONVERSION = YES;
				CLANG_WARN_INFINITE_RECURSION = YES;
				CLANG_WARN_INT_CONVERSION = YES;
				CLANG_WARN_NON_LITERAL_NULL_CONVERSION = YES;
				CLANG_WARN_OBJC_IMPLICIT_RETAIN_SELF = YES;
				CLANG_WARN_OBJC_LITERAL_CONVERSION = YES;
				CLANG_WARN_OBJC_ROOT_CLASS = YES_ERROR;
				CLANG_WARN_QUOTED_INCLUDE_IN_FRAMEWORK_HEADER = YES;
				CLANG_WARN_RANGE_LOOP_ANALYSIS = YES;
				CLANG_WARN_STRICT_PROTOTYPES = YES;
				CLANG_WARN_SUSPICIOUS_MOVE = YES;
				CLANG_WARN_UNGUARDED_AVAILABILITY = YES_AGGRESSIVE;
				CLANG_WARN_UNREACHABLE_CODE = YES;
				CLANG_WARN__DUPLICATE_METHOD_MATCH = YES;
				COPY_PHASE_STRIP = NO;
				DEBUG_INFORMATION_FORMAT = dwarf;
				ENABLE_STRICT_OBJC_MSGSEND = YES;
				ENABLE_TESTABILITY = YES;
				ENABLE_USER_SCRIPT_SANDBOXING = YES;
				GCC_C_LANGUAGE_STANDARD = gnu17;
				GCC_DYNAMIC_NO_PIC = NO;
				GCC_NO_COMMON_BLOCKS = YES;
				GCC_OPTIMIZATION_LEVEL = 0;
				GCC_PREPROCESSOR_DEFINITIONS = (
					"DEBUG=1",
					"$(inherited)",
				);
				GCC_WARN_64_TO_32_BIT_CONVERSION = YES;
				GCC_WARN_ABOUT_RETURN_TYPE = YES_ERROR;
				GCC_WARN_UNDECLARED_SELECTOR = YES;
				GCC_WARN_UNINITIALIZED_AUTOS = YES_AGGRESSIVE;
				GCC_WARN_UNUSED_FUNCTION = YES;
				GCC_WARN_UNUSED_VARIABLE = YES;
				IPHONEOS_DEPLOYMENT_TARGET = 18.4;
				LOCALIZATION_PREFERS_STRING_CATALOGS = YES;
				MTL_ENABLE_DEBUG_INFO = INCLUDE_SOURCE;
				MTL_FAST_MATH = YES;
				ONLY_ACTIVE_ARCH = YES;
				SDKROOT = iphoneos;
				SWIFT_ACTIVE_COMPILATION_CONDITIONS = "DEBUG $(inherited)";
				SWIFT_OPTIMIZATION_LEVEL = "-Onone";
			};
			name = Debug;
		};
		DF2965512D9EAC5600B52AA0 /* Release */ = {
			isa = XCBuildConfiguration;
			buildSettings = {
				ALWAYS_SEARCH_USER_PATHS = NO;
				ASSETCATALOG_COMPILER_GENERATE_SWIFT_ASSET_SYMBOL_EXTENSIONS = YES;
				CLANG_ANALYZER_NONNULL = YES;
				CLANG_ANALYZER_NUMBER_OBJECT_CONVERSION = YES_AGGRESSIVE;
				CLANG_CXX_LANGUAGE_STANDARD = "gnu++20";
				CLANG_ENABLE_MODULES = YES;
				CLANG_ENABLE_OBJC_ARC = YES;
				CLANG_ENABLE_OBJC_WEAK = YES;
				CLANG_WARN_BLOCK_CAPTURE_AUTORELEASING = YES;
				CLANG_WARN_BOOL_CONVERSION = YES;
				CLANG_WARN_COMMA = YES;
				CLANG_WARN_CONSTANT_CONVERSION = YES;
				CLANG_WARN_DEPRECATED_OBJC_IMPLEMENTATIONS = YES;
				CLANG_WARN_DIRECT_OBJC_ISA_USAGE = YES_ERROR;
				CLANG_WARN_DOCUMENTATION_COMMENTS = YES;
				CLANG_WARN_EMPTY_BODY = YES;
				CLANG_WARN_ENUM_CONVERSION = YES;
				CLANG_WARN_INFINITE_RECURSION = YES;
				CLANG_WARN_INT_CONVERSION = YES;
				CLANG_WARN_NON_LITERAL_NULL_CONVERSION = YES;
				CLANG_WARN_OBJC_IMPLICIT_RETAIN_SELF = YES;
				CLANG_WARN_OBJC_LITERAL_CONVERSION = YES;
				CLANG_WARN_OBJC_ROOT_CLASS = YES_ERROR;
				CLANG_WARN_QUOTED_INCLUDE_IN_FRAMEWORK_HEADER = YES;
				CLANG_WARN_RANGE_LOOP_ANALYSIS = YES;
				CLANG_WARN_STRICT_PROTOTYPES = YES;
				CLANG_WARN_SUSPICIOUS_MOVE = YES;
				CLANG_WARN_UNGUARDED_AVAILABILITY = YES_AGGRESSIVE;
				CLANG_WARN_UNREACHABLE_CODE = YES;
				CLANG_WARN__DUPLICATE_METHOD_MATCH = YES;
				COPY_PHASE_STRIP = NO;
				DEBUG_INFORMATION_FORMAT = "dwarf-with-dsym";
				ENABLE_NS_ASSERTIONS = NO;
				ENABLE_STRICT_OBJC_MSGSEND = YES;
				ENABLE_USER_SCRIPT_SANDBOXING = YES;
				GCC_C_LANGUAGE_STANDARD = gnu17;
				GCC_NO_COMMON_BLOCKS = YES;
				GCC_WARN_64_TO_32_BIT_CONVERSION = YES;
				GCC_WARN_ABOUT_RETURN_TYPE = YES_ERROR;
				GCC_WARN_UNDECLARED_SELECTOR = YES;
				GCC_WARN_UNINITIALIZED_AUTOS = YES_AGGRESSIVE;
				GCC_WARN_UNUSED_FUNCTION = YES;
				GCC_WARN_UNUSED_VARIABLE = YES;
				IPHONEOS_DEPLOYMENT_TARGET = 18.4;
				LOCALIZATION_PREFERS_STRING_CATALOGS = YES;
				MTL_ENABLE_DEBUG_INFO = NO;
				MTL_FAST_MATH = YES;
				SDKROOT = iphoneos;
				SWIFT_COMPILATION_MODE = wholemodule;
				VALIDATE_PRODUCT = YES;
			};
			name = Release;
		};
		DF2965532D9EAC5600B52AA0 /* Debug */ = {
			isa = XCBuildConfiguration;
			buildSettings = {
				ASSETCATALOG_COMPILER_APPICON_NAME = AppIcon;
				ASSETCATALOG_COMPILER_GLOBAL_ACCENT_COLOR_NAME = AccentColor;
				CODE_SIGN_STYLE = Automatic;
				CURRENT_PROJECT_VERSION = 1;
				ENABLE_PREVIEWS = YES;
				GENERATE_INFOPLIST_FILE = YES;
				INFOPLIST_KEY_UIApplicationSceneManifest_Generation = YES;
				INFOPLIST_KEY_UIApplicationSupportsIndirectInputEvents = YES;
				INFOPLIST_KEY_UILaunchScreen_Generation = YES;
				INFOPLIST_KEY_UISupportedInterfaceOrientations_iPad = "UIInterfaceOrientationPortrait UIInterfaceOrientationPortraitUpsideDown UIInterfaceOrientationLandscapeLeft UIInterfaceOrientationLandscapeRight";
				INFOPLIST_KEY_UISupportedInterfaceOrientations_iPhone = "UIInterfaceOrientationPortrait UIInterfaceOrientationLandscapeLeft UIInterfaceOrientationLandscapeRight";
				IPHONEOS_DEPLOYMENT_TARGET = 18.0;
				LD_RUNPATH_SEARCH_PATHS = (
					"$(inherited)",
					"@executable_path/Frameworks",
				);
				MARKETING_VERSION = 1.0;
				PRODUCT_BUNDLE_IDENTIFIER = MyIdentifier.CryptoCoinTracker;
				PRODUCT_NAME = "$(TARGET_NAME)";
				SWIFT_EMIT_LOC_STRINGS = YES;
				SWIFT_VERSION = 5.0;
				TARGETED_DEVICE_FAMILY = "1,2";
			};
			name = Debug;
		};
		DF2965542D9EAC5600B52AA0 /* Release */ = {
			isa = XCBuildConfiguration;
			buildSettings = {
				ASSETCATALOG_COMPILER_APPICON_NAME = AppIcon;
				ASSETCATALOG_COMPILER_GLOBAL_ACCENT_COLOR_NAME = AccentColor;
				CODE_SIGN_STYLE = Automatic;
				CURRENT_PROJECT_VERSION = 1;
				ENABLE_PREVIEWS = YES;
				GENERATE_INFOPLIST_FILE = YES;
				INFOPLIST_KEY_UIApplicationSceneManifest_Generation = YES;
				INFOPLIST_KEY_UIApplicationSupportsIndirectInputEvents = YES;
				INFOPLIST_KEY_UILaunchScreen_Generation = YES;
				INFOPLIST_KEY_UISupportedInterfaceOrientations_iPad = "UIInterfaceOrientationPortrait UIInterfaceOrientationPortraitUpsideDown UIInterfaceOrientationLandscapeLeft UIInterfaceOrientationLandscapeRight";
				INFOPLIST_KEY_UISupportedInterfaceOrientations_iPhone = "UIInterfaceOrientationPortrait UIInterfaceOrientationLandscapeLeft UIInterfaceOrientationLandscapeRight";
				IPHONEOS_DEPLOYMENT_TARGET = 18.0;
				LD_RUNPATH_SEARCH_PATHS = (
					"$(inherited)",
					"@executable_path/Frameworks",
				);
				MARKETING_VERSION = 1.0;
				PRODUCT_BUNDLE_IDENTIFIER = MyIdentifier.CryptoCoinTracker;
				PRODUCT_NAME = "$(TARGET_NAME)";
				SWIFT_EMIT_LOC_STRINGS = YES;
				SWIFT_VERSION = 5.0;
				TARGETED_DEVICE_FAMILY = "1,2";
			};
			name = Release;
		};
		DF6894512DA7AD04006D3DF2 /* Debug */ = {
			isa = XCBuildConfiguration;
			buildSettings = {
				CODE_SIGN_STYLE = Automatic;
				CURRENT_PROJECT_VERSION = 1;
				GENERATE_INFOPLIST_FILE = YES;
				IPHONEOS_DEPLOYMENT_TARGET = 18.0;
				MARKETING_VERSION = 1.0;
				PRODUCT_BUNDLE_IDENTIFIER = MyIdentifier.CryptoCoinTrackerUITest;
				PRODUCT_NAME = "$(TARGET_NAME)";
				SWIFT_EMIT_LOC_STRINGS = NO;
				SWIFT_VERSION = 5.0;
				TARGETED_DEVICE_FAMILY = "1,2";
				TEST_TARGET_NAME = CryptoCoinTracker;
			};
			name = Debug;
		};
		DF6894522DA7AD04006D3DF2 /* Release */ = {
			isa = XCBuildConfiguration;
			buildSettings = {
				CODE_SIGN_STYLE = Automatic;
				CURRENT_PROJECT_VERSION = 1;
				GENERATE_INFOPLIST_FILE = YES;
				IPHONEOS_DEPLOYMENT_TARGET = 18.0;
				MARKETING_VERSION = 1.0;
				PRODUCT_BUNDLE_IDENTIFIER = MyIdentifier.CryptoCoinTrackerUITest;
				PRODUCT_NAME = "$(TARGET_NAME)";
				SWIFT_EMIT_LOC_STRINGS = NO;
				SWIFT_VERSION = 5.0;
				TARGETED_DEVICE_FAMILY = "1,2";
				TEST_TARGET_NAME = CryptoCoinTracker;
			};
			name = Release;
		};
		DF9E6DD22DA0273700EA0776 /* Debug */ = {
			isa = XCBuildConfiguration;
			buildSettings = {
				BUNDLE_LOADER = "$(TEST_HOST)";
				CODE_SIGN_STYLE = Automatic;
				CURRENT_PROJECT_VERSION = 1;
				GENERATE_INFOPLIST_FILE = YES;
				IPHONEOS_DEPLOYMENT_TARGET = 18.0;
				MARKETING_VERSION = 1.0;
				PRODUCT_BUNDLE_IDENTIFIER = MyIdentifier.CryptoCoinTrackerTests;
				PRODUCT_NAME = "$(TARGET_NAME)";
				SWIFT_EMIT_LOC_STRINGS = NO;
				SWIFT_VERSION = 5.0;
				TARGETED_DEVICE_FAMILY = "1,2";
				TEST_HOST = "$(BUILT_PRODUCTS_DIR)/CryptoCoinTracker.app/$(BUNDLE_EXECUTABLE_FOLDER_PATH)/CryptoCoinTracker";
			};
			name = Debug;
		};
		DF9E6DD32DA0273700EA0776 /* Release */ = {
			isa = XCBuildConfiguration;
			buildSettings = {
				BUNDLE_LOADER = "$(TEST_HOST)";
				CODE_SIGN_STYLE = Automatic;
				CURRENT_PROJECT_VERSION = 1;
				GENERATE_INFOPLIST_FILE = YES;
				IPHONEOS_DEPLOYMENT_TARGET = 18.0;
				MARKETING_VERSION = 1.0;
				PRODUCT_BUNDLE_IDENTIFIER = MyIdentifier.CryptoCoinTrackerTests;
				PRODUCT_NAME = "$(TARGET_NAME)";
				SWIFT_EMIT_LOC_STRINGS = NO;
				SWIFT_VERSION = 5.0;
				TARGETED_DEVICE_FAMILY = "1,2";
				TEST_HOST = "$(BUILT_PRODUCTS_DIR)/CryptoCoinTracker.app/$(BUNDLE_EXECUTABLE_FOLDER_PATH)/CryptoCoinTracker";
			};
			name = Release;
		};
/* End XCBuildConfiguration section */

/* Begin XCConfigurationList section */
		DF29652C2D9EAC5400B52AA0 /* Build configuration list for PBXProject "CryptoCoinTracker" */ = {
			isa = XCConfigurationList;
			buildConfigurations = (
				DF2965502D9EAC5600B52AA0 /* Debug */,
				DF2965512D9EAC5600B52AA0 /* Release */,
			);
			defaultConfigurationIsVisible = 0;
			defaultConfigurationName = Release;
		};
		DF2965522D9EAC5600B52AA0 /* Build configuration list for PBXNativeTarget "CryptoCoinTracker" */ = {
			isa = XCConfigurationList;
			buildConfigurations = (
				DF2965532D9EAC5600B52AA0 /* Debug */,
				DF2965542D9EAC5600B52AA0 /* Release */,
			);
			defaultConfigurationIsVisible = 0;
			defaultConfigurationName = Release;
		};
		DF6894502DA7AD04006D3DF2 /* Build configuration list for PBXNativeTarget "CryptoCoinTrackerUITest" */ = {
			isa = XCConfigurationList;
			buildConfigurations = (
				DF6894512DA7AD04006D3DF2 /* Debug */,
				DF6894522DA7AD04006D3DF2 /* Release */,
			);
			defaultConfigurationIsVisible = 0;
			defaultConfigurationName = Release;
		};
		DF9E6DD12DA0273700EA0776 /* Build configuration list for PBXNativeTarget "CryptoCoinTrackerTests" */ = {
			isa = XCConfigurationList;
			buildConfigurations = (
				DF9E6DD22DA0273700EA0776 /* Debug */,
				DF9E6DD32DA0273700EA0776 /* Release */,
			);
			defaultConfigurationIsVisible = 0;
			defaultConfigurationName = Release;
		};
/* End XCConfigurationList section */
	};
	rootObject = DF2965292D9EAC5400B52AA0 /* Project object */;
}
